Microsoft Visual Studio Solution File, Format Version 12.00
# Visual Studio Version 17
VisualStudioVersion = 17.5.2.0
MinimumVisualStudioVersion = 10.0.40219.1
Project("{FAE04EC0-301F-11D3-BF4B-00C04F79EFBC}") = "EduSim", "EduSim.csproj", "{D2B75FEC-5740-023E-626A-9EA79829EF0E}"
EndProject
Global
	GlobalSection(SolutionConfigurationPlatforms) = preSolution
		Debug|Any CPU = Debug|Any CPU
		Release|Any CPU = Release|Any CPU
	EndGlobalSection
	GlobalSection(ProjectConfigurationPlatforms) = postSolution
		{D2B75FEC-5740-023E-626A-9EA79829EF0E}.Debug|Any CPU.ActiveCfg = Debug|Any CPU
		{D2B75FEC-5740-023E-626A-9EA79829EF0E}.Debug|Any CPU.Build.0 = Debug|Any CPU
		{D2B75FEC-5740-023E-626A-9EA79829EF0E}.Release|Any CPU.ActiveCfg = Release|Any CPU
		{D2B75FEC-5740-023E-626A-9EA79829EF0E}.Release|Any CPU.Build.0 = Release|Any CPU
	EndGlobalSection
	GlobalSection(SolutionProperties) = preSolution
		HideSolutionNode = FALSE
	EndGlobalSection
	GlobalSection(ExtensibilityGlobals) = postSolution
		SolutionGuid = {DFF659FD-4895-4357-AD55-466378BD0BE4}
	EndGlobalSection
EndGlobal
